<?xml version="1.0" encoding="utf-8"?>
<Project ToolsVersion="4.0" xmlns="http://schemas.microsoft.com/developer/msbuild/2003">
  <ItemGroup>
    <Filter Include="Source Files">
      <UniqueIdentifier>{4FC737F1-C7A5-4376-A066-2A32D752A2FF}</UniqueIdentifier>
      <Extensions>cpp;c;cc;cxx;c++;cppm;ixx;def;odl;idl;hpj;bat;asm;asmx</Extensions>
    </Filter>
    <Filter Include="Header Files">
      <UniqueIdentifier>{93995380-89BD-4b04-88EB-625FBE52EBFB}</UniqueIdentifier>
      <Extensions>h;hh;hpp;hxx;h++;hm;inl;inc;ipp;xsd</Extensions>
    </Filter>
    <Filter Include="Resource Files">
      <UniqueIdentifier>{67DA6AB6-F800-4c08-8B7A-83BB121AAD01}</UniqueIdentifier>
      <Extensions>rc;ico;cur;bmp;dlg;rc2;rct;bin;rgs;gif;jpg;jpeg;jpe;resx;tiff;tif;png;wav;mfcribbon-ms</Extensions>
    </Filter>
  </ItemGroup>
  <ItemGroup>
    <ClCompile Include="main.cpp">
      <Filter>Source Files</Filter>
    </ClCompile>
    <ClCompile Include="CabHandler.cpp">
      <Filter>Source Files</Filter>
    </ClCompile>
    <ClCompile Include="CbsManager.cpp">
      <Filter>Source Files</Filter>
    </ClCompile>
    <ClCompile Include="CbsIntegratedHandler.cpp">
      <Filter>Source Files</Filter>
    </ClCompile>
    <ClCompile Include="PsfWimHandler.cpp">
      <Filter>Source Files</Filter>
    </ClCompile>
    <ClCompile Include="EnterpriseSecurityManager.cpp">
      <Filter>Source Files</Filter>
    </ClCompile>
    <ClCompile Include="PackageSupersedenceManager.cpp">
      <Filter>Source Files</Filter>
    </ClCompile>
    <ClCompile Include="PackageSupersedenceManagerSimple.cpp">
      <Filter>Source Files</Filter>
    </ClCompile>
    <ClCompile Include="AdvancedCertificateValidator.cpp">
      <Filter>Source Files</Filter>
    </ClCompile>
    <ClCompile Include="WrpManager.cpp">
      <Filter>Source Files</Filter>
    </ClCompile>
  </ItemGroup>
  <ItemGroup>
    <ClInclude Include="CabHandler.h">
      <Filter>Header Files</Filter>
    </ClInclude>
    <ClInclude Include="CbsManager.h">
      <Filter>Header Files</Filter>
    </ClInclude>
    <ClInclude Include="CbsIntegratedHandler.h">
      <Filter>Header Files</Filter>
    </ClInclude>
    <ClInclude Include="EnterpriseSecurityManager.h">
      <Filter>Header Files</Filter>
    </ClInclude>
    <ClInclude Include="PackageSupersedenceManager.h">
      <Filter>Header Files</Filter>
    </ClInclude>
    <ClInclude Include="PackageSupersedenceManagerSimple.h">
      <Filter>Header Files</Filter>
    </ClInclude>
    <ClInclude Include="AdvancedCertificateValidator.h">
      <Filter>Header Files</Filter>
    </ClInclude>
    <ClInclude Include="WrpManager.h">
      <Filter>Header Files</Filter>
    </ClInclude>
    <ClInclude Include="PsfWimHandler.h">
      <Filter>Header Files</Filter>
    </ClInclude>
  </ItemGroup>
  <ItemGroup>
    <None Include="README.md" />
    <None Include="demo.bat">
      <Filter>Source Files</Filter>
    </None>
    <None Include="test_msu.bat">
      <Filter>Source Files</Filter>
    </None>
    <None Include="README_C++20.md" />
    <None Include="test_cpp20.bat">
      <Filter>Source Files</Filter>
    </None>
    <None Include="test_online_fix.bat">
      <Filter>Source Files</Filter>
    </None>
    <None Include="diagnostic_test.bat">
      <Filter>Source Files</Filter>
    </None>
    <None Include="test_temp_fix.bat">
      <Filter>Source Files</Filter>
    </None>
    <None Include="ONLINE_FIX_SUMMARY.md" />
    <None Include="test_enhanced_cab.bat">
      <Filter>Source Files</Filter>
    </None>
    <None Include="test_cbs_integration.bat">
      <Filter>Source Files</Filter>
    </None>
    <None Include="CBS_INTEGRATION_GUIDE.md" />
    <None Include="CBS_IMPLEMENTATION_COMPLETE.md" />
    <None Include="test_psf_wim_support.bat">
      <Filter>Source Files</Filter>
    </None>
    <None Include="PSF_WIM_IMPLEMENTATION_GUIDE.md" />
    <None Include="PSF_WIM_IMPLEMENTATION_COMPLETE.md" />
    <None Include="PSF_WIM_DISM_INTEGRATION_COMPLETE.md" />
    <None Include="test_windows_installs.bat">
      <Filter>Source Files</Filter>
    </None>
    <None Include="WINDOWS_INSTALL_ENHANCEMENT_COMPLETE.md" />
    <None Include="WUSA_DEPRECATION_FIX.md" />
    <None Include="test_wusa_fix.bat">
      <Filter>Source Files</Filter>
    </None>
    <None Include="ADVANCED_ENHANCEMENTS_PHASE2.md" />
    <None Include="test_enterprise_features.bat">
      <Filter>Source Files</Filter>
    </None>
    <None Include="ENTERPRISE_SECURITY_COMPLETE.md" />
    <None Include="test_enterprise_security_integration.bat">
      <Filter>Source Files</Filter>
    </None>
    <None Include="test_package_supersedence.bat">
      <Filter>Source Files</Filter>
    </None>
    <None Include="PACKAGE_SUPERSEDENCE_IMPLEMENTATION.md" />
    <None Include="demo_phase2_enhancements.bat">
      <Filter>Source Files</Filter>
    </None>
    <None Include="PHASE2_IMPLEMENTATION_GUIDE.md" />
    <None Include="PHASE2_COMPLETE_SUMMARY.md" />
    <None Include="demo_phase2a_security.bat">
      <Filter>Source Files</Filter>
    </None>
    <None Include="test_phase2a_implementation.bat">
      <Filter>Source Files</Filter>
    </None>
    <None Include="demo_phase2_complete.bat">
      <Filter>Source Files</Filter>
    </None>
    <None Include="PHASE2A_IMPLEMENTATION_SUCCESS.md" />
    <None Include="demo_add_package_enhanced.bat">
      <Filter>Source Files</Filter>
    </None>
    <None Include="ADD_PACKAGE_ENHANCED_DOCUMENTATION.md" />
    <None Include="demo_simplified_package_intelligence.bat">
      <Filter>Source Files</Filter>
    </None>
    <None Include="PHASE2_FINAL_SUCCESS_REPORT.md" />
    <None Include="demo_add_package_enhanced_complete.bat">
      <Filter>Source Files</Filter>
    </None>
    <None Include="CBS_INTEGRATION_COMPLETE_SUCCESS.md" />
    <None Include="demo_clean_output.bat">
      <Filter>Source Files</Filter>
    </None>
    <None Include="OUTPUT_FORMATTING_IMPROVEMENTS_COMPLETE.md" />
    <None Include="final_unicode_cleanup_test.bat">
      <Filter>Source Files</Filter>
    </None>
    <None Include="UNICODE_CLEANUP_FINAL_SUCCESS.md" />
    <None Include="test_fix_packagepath_parameter.bat">
      <Filter>Source Files</Filter>
    </None>
    <None Include="test_parameter_parsing_fix.bat">
      <Filter>Source Files</Filter>
    </None>
    <None Include="PARAMETER_PARSING_FIX_COMPLETE.md" />
    <None Include="final_complete_test.bat">
      <Filter>Source Files</Filter>
    </None>
    <None Include="FINAL_COMPLETION_SUCCESS.md" />
    <None Include="comprehensive_validation_test.bat">
      <Filter>Source Files</Filter>
    </None>
    <None Include="SYSTEM_HEALTH_CHECK_COMPLETE.md" />
    <None Include="FINAL_VERIFICATION_COMPLETE.md" />
    <None Include="test_enhanced_features.bat">
      <Filter>Source Files</Filter>
    </None>
  </ItemGroup>
</Project>